// !$*UTF8*$!
{
	archiveVersion = 1;
	classes = {
	};
	objectVersion = 46;
	objects = {

/* Begin PBXBuildFile section */
		AF634531185EC005008610E1 /* UIKit.framework in Frameworks */ = {isa = PBXBuildFile; fileRef = AF634530185EC005008610E1 /* UIKit.framework */; };
		AF634533185EC005008610E1 /* Foundation.framework in Frameworks */ = {isa = PBXBuildFile; fileRef = AF634532185EC005008610E1 /* Foundation.framework */; };
		AF634535185EC005008610E1 /* CoreGraphics.framework in Frameworks */ = {isa = PBXBuildFile; fileRef = AF634534185EC005008610E1 /* CoreGraphics.framework */; };
		AF63453B185EC005008610E1 /* InfoPlist.strings in Resources */ = {isa = PBXBuildFile; fileRef = AF634539185EC005008610E1 /* InfoPlist.strings */; };
		AF63453D185EC005008610E1 /* main.m in Sources */ = {isa = PBXBuildFile; fileRef = AF63453C185EC005008610E1 /* main.m */; };
		AF634541185EC005008610E1 /* AppDelegate.m in Sources */ = {isa = PBXBuildFile; fileRef = AF634540185EC005008610E1 /* AppDelegate.m */; };
		AF634543185EC005008610E1 /* Default.png in Resources */ = {isa = PBXBuildFile; fileRef = AF634542185EC005008610E1 /* Default.png */; };
		AF634545185EC005008610E1 /* Default@2x.png in Resources */ = {isa = PBXBuildFile; fileRef = AF634544185EC005008610E1 /* Default@2x.png */; };
		AF634547185EC005008610E1 /* Default-568h@2x.png in Resources */ = {isa = PBXBuildFile; fileRef = AF634546185EC005008610E1 /* Default-568h@2x.png */; };
		AF63454A185EC005008610E1 /* ViewController.m in Sources */ = {isa = PBXBuildFile; fileRef = AF634549185EC005008610E1 /* ViewController.m */; };
		AF63454D185EC006008610E1 /* ViewController.xib in Resources */ = {isa = PBXBuildFile; fileRef = AF63454B185EC006008610E1 /* ViewController.xib */; };
		AF634564185EC04F008610E1 /* win_1.png in Resources */ = {isa = PBXBuildFile; fileRef = AF634554185EC04F008610E1 /* win_1.png */; };
		AF634565185EC04F008610E1 /* win_10.png in Resources */ = {isa = PBXBuildFile; fileRef = AF634555185EC04F008610E1 /* win_10.png */; };
		AF634566185EC04F008610E1 /* win_11.png in Resources */ = {isa = PBXBuildFile; fileRef = AF634556185EC04F008610E1 /* win_11.png */; };
		AF634567185EC04F008610E1 /* win_12.png in Resources */ = {isa = PBXBuildFile; fileRef = AF634557185EC04F008610E1 /* win_12.png */; };
		AF634568185EC04F008610E1 /* win_13.png in Resources */ = {isa = PBXBuildFile; fileRef = AF634558185EC04F008610E1 /* win_13.png */; };
		AF634569185EC04F008610E1 /* win_14.png in Resources */ = {isa = PBXBuildFile; fileRef = AF634559185EC04F008610E1 /* win_14.png */; };
		AF63456A185EC04F008610E1 /* win_15.png in Resources */ = {isa = PBXBuildFile; fileRef = AF63455A185EC04F008610E1 /* win_15.png */; };
		AF63456B185EC04F008610E1 /* win_16.png in Resources */ = {isa = PBXBuildFile; fileRef = AF63455B185EC04F008610E1 /* win_16.png */; };
		AF63456C185EC04F008610E1 /* win_2.png in Resources */ = {isa = PBXBuildFile; fileRef = AF63455C185EC04F008610E1 /* win_2.png */; };
		AF63456D185EC04F008610E1 /* win_3.png in Resources */ = {isa = PBXBuildFile; fileRef = AF63455D185EC04F008610E1 /* win_3.png */; };
		AF63456E185EC04F008610E1 /* win_4.png in Resources */ = {isa = PBXBuildFile; fileRef = AF63455E185EC04F008610E1 /* win_4.png */; };
		AF63456F185EC04F008610E1 /* win_5.png in Resources */ = {isa = PBXBuildFile; fileRef = AF63455F185EC04F008610E1 /* win_5.png */; };
		AF634570185EC04F008610E1 /* win_6.png in Resources */ = {isa = PBXBuildFile; fileRef = AF634560185EC04F008610E1 /* win_6.png */; };
		AF634571185EC04F008610E1 /* win_7.png in Resources */ = {isa = PBXBuildFile; fileRef = AF634561185EC04F008610E1 /* win_7.png */; };
		AF634572185EC04F008610E1 /* win_8.png in Resources */ = {isa = PBXBuildFile; fileRef = AF634562185EC04F008610E1 /* win_8.png */; };
		AF634573185EC04F008610E1 /* win_9.png in Resources */ = {isa = PBXBuildFile; fileRef = AF634563185EC04F008610E1 /* win_9.png */; };
		AF634575185EE9A6008610E1 /* QuartzCore.framework in Frameworks */ = {isa = PBXBuildFile; fileRef = AF634574185EE9A6008610E1 /* QuartzCore.framework */; };
		AF634577185EEDCE008610E1 /* self_bordered.gif in Resources */ = {isa = PBXBuildFile; fileRef = AF634576185EEDCE008610E1 /* self_bordered.gif */; };
		AF634579185EEF5B008610E1 /* sweet_angel.png in Resources */ = {isa = PBXBuildFile; fileRef = AF634578185EEF5B008610E1 /* sweet_angel.png */; };
/* End PBXBuildFile section */

/* Begin PBXFileReference section */
		AF63452D185EC005008610E1 /* NBAnimation.app */ = {isa = PBXFileReference; explicitFileType = wrapper.application; includeInIndex = 0; path = NBAnimation.app; sourceTree = BUILT_PRODUCTS_DIR; };
		AF634530185EC005008610E1 /* UIKit.framework */ = {isa = PBXFileReference; lastKnownFileType = wrapper.framework; name = UIKit.framework; path = System/Library/Frameworks/UIKit.framework; sourceTree = SDKROOT; };
		AF634532185EC005008610E1 /* Foundation.framework */ = {isa = PBXFileReference; lastKnownFileType = wrapper.framework; name = Foundation.framework; path = System/Library/Frameworks/Foundation.framework; sourceTree = SDKROOT; };
		AF634534185EC005008610E1 /* CoreGraphics.framework */ = {isa = PBXFileReference; lastKnownFileType = wrapper.framework; name = CoreGraphics.framework; path = System/Library/Frameworks/CoreGraphics.framework; sourceTree = SDKROOT; };
		AF634538185EC005008610E1 /* NBAnimation-Info.plist */ = {isa = PBXFileReference; lastKnownFileType = text.plist.xml; path = "NBAnimation-Info.plist"; sourceTree = "<group>"; };
		AF63453A185EC005008610E1 /* en */ = {isa = PBXFileReference; lastKnownFileType = text.plist.strings; name = en; path = en.lproj/InfoPlist.strings; sourceTree = "<group>"; };
		AF63453C185EC005008610E1 /* main.m */ = {isa = PBXFileReference; lastKnownFileType = sourcecode.c.objc; path = main.m; sourceTree = "<group>"; };
		AF63453E185EC005008610E1 /* NBAnimation-Prefix.pch */ = {isa = PBXFileReference; lastKnownFileType = sourcecode.c.h; path = "NBAnimation-Prefix.pch"; sourceTree = "<group>"; };
		AF63453F185EC005008610E1 /* AppDelegate.h */ = {isa = PBXFileReference; lastKnownFileType = sourcecode.c.h; path = AppDelegate.h; sourceTree = "<group>"; };
		AF634540185EC005008610E1 /* AppDelegate.m */ = {isa = PBXFileReference; lastKnownFileType = sourcecode.c.objc; path = AppDelegate.m; sourceTree = "<group>"; };
		AF634542185EC005008610E1 /* Default.png */ = {isa = PBXFileReference; lastKnownFileType = image.png; path = Default.png; sourceTree = "<group>"; };
		AF634544185EC005008610E1 /* Default@2x.png */ = {isa = PBXFileReference; lastKnownFileType = image.png; path = "Default@2x.png"; sourceTree = "<group>"; };
		AF634546185EC005008610E1 /* Default-568h@2x.png */ = {isa = PBXFileReference; lastKnownFileType = image.png; path = "Default-568h@2x.png"; sourceTree = "<group>"; };
		AF634548185EC005008610E1 /* ViewController.h */ = {isa = PBXFileReference; lastKnownFileType = sourcecode.c.h; path = ViewController.h; sourceTree = "<group>"; };
		AF634549185EC005008610E1 /* ViewController.m */ = {isa = PBXFileReference; lastKnownFileType = sourcecode.c.objc; path = ViewController.m; sourceTree = "<group>"; };
		AF63454C185EC006008610E1 /* en */ = {isa = PBXFileReference; lastKnownFileType = file.xib; name = en; path = en.lproj/ViewController.xib; sourceTree = "<group>"; };
		AF634554185EC04F008610E1 /* win_1.png */ = {isa = PBXFileReference; lastKnownFileType = image.png; path = win_1.png; sourceTree = "<group>"; };
		AF634555185EC04F008610E1 /* win_10.png */ = {isa = PBXFileReference; lastKnownFileType = image.png; path = win_10.png; sourceTree = "<group>"; };
		AF634556185EC04F008610E1 /* win_11.png */ = {isa = PBXFileReference; lastKnownFileType = image.png; path = win_11.png; sourceTree = "<group>"; };
		AF634557185EC04F008610E1 /* win_12.png */ = {isa = PBXFileReference; lastKnownFileType = image.png; path = win_12.png; sourceTree = "<group>"; };
		AF634558185EC04F008610E1 /* win_13.png */ = {isa = PBXFileReference; lastKnownFileType = image.png; path = win_13.png; sourceTree = "<group>"; };
		AF634559185EC04F008610E1 /* win_14.png */ = {isa = PBXFileReference; lastKnownFileType = image.png; path = win_14.png; sourceTree = "<group>"; };
		AF63455A185EC04F008610E1 /* win_15.png */ = {isa = PBXFileReference; lastKnownFileType = image.png; path = win_15.png; sourceTree = "<group>"; };
		AF63455B185EC04F008610E1 /* win_16.png */ = {isa = PBXFileReference; lastKnownFileType = image.png; path = win_16.png; sourceTree = "<group>"; };
		AF63455C185EC04F008610E1 /* win_2.png */ = {isa = PBXFileReference; lastKnownFileType = image.png; path = win_2.png; sourceTree = "<group>"; };
		AF63455D185EC04F008610E1 /* win_3.png */ = {isa = PBXFileReference; lastKnownFileType = image.png; path = win_3.png; sourceTree = "<group>"; };
		AF63455E185EC04F008610E1 /* win_4.png */ = {isa = PBXFileReference; lastKnownFileType = image.png; path = win_4.png; sourceTree = "<group>"; };
		AF63455F185EC04F008610E1 /* win_5.png */ = {isa = PBXFileReference; lastKnownFileType = image.png; path = win_5.png; sourceTree = "<group>"; };
		AF634560185EC04F008610E1 /* win_6.png */ = {isa = PBXFileReference; lastKnownFileType = image.png; path = win_6.png; sourceTree = "<group>"; };
		AF634561185EC04F008610E1 /* win_7.png */ = {isa = PBXFileReference; lastKnownFileType = image.png; path = win_7.png; sourceTree = "<group>"; };
		AF634562185EC04F008610E1 /* win_8.png */ = {isa = PBXFileReference; lastKnownFileType = image.png; path = win_8.png; sourceTree = "<group>"; };
		AF634563185EC04F008610E1 /* win_9.png */ = {isa = PBXFileReference; lastKnownFileType = image.png; path = win_9.png; sourceTree = "<group>"; };
		AF634574185EE9A6008610E1 /* QuartzCore.framework */ = {isa = PBXFileReference; lastKnownFileType = wrapper.framework; name = QuartzCore.framework; path = System/Library/Frameworks/QuartzCore.framework; sourceTree = SDKROOT; };
		AF634576185EEDCE008610E1 /* self_bordered.gif */ = {isa = PBXFileReference; lastKnownFileType = image.gif; path = self_bordered.gif; sourceTree = "<group>"; };
		AF634578185EEF5B008610E1 /* sweet_angel.png */ = {isa = PBXFileReference; lastKnownFileType = image.png; path = sweet_angel.png; sourceTree = "<group>"; };
/* End PBXFileReference section */

/* Begin PBXFrameworksBuildPhase section */
		AF63452A185EC005008610E1 /* Frameworks */ = {
			isa = PBXFrameworksBuildPhase;
			buildActionMask = 2147483647;
			files = (
				AF634575185EE9A6008610E1 /* QuartzCore.framework in Frameworks */,
				AF634531185EC005008610E1 /* UIKit.framework in Frameworks */,
				AF634533185EC005008610E1 /* Foundation.framework in Frameworks */,
				AF634535185EC005008610E1 /* CoreGraphics.framework in Frameworks */,
			);
			runOnlyForDeploymentPostprocessing = 0;
		};
/* End PBXFrameworksBuildPhase section */

/* Begin PBXGroup section */
		AF634524185EC005008610E1 = {
			isa = PBXGroup;
			children = (
				AF634574185EE9A6008610E1 /* QuartzCore.framework */,
				AF634536185EC005008610E1 /* NBAnimation */,
				AF63452F185EC005008610E1 /* Frameworks */,
				AF63452E185EC005008610E1 /* Products */,
			);
			sourceTree = "<group>";
		};
		AF63452E185EC005008610E1 /* Products */ = {
			isa = PBXGroup;
			children = (
				AF63452D185EC005008610E1 /* NBAnimation.app */,
			);
			name = Products;
			sourceTree = "<group>";
		};
		AF63452F185EC005008610E1 /* Frameworks */ = {
			isa = PBXGroup;
			children = (
				AF634530185EC005008610E1 /* UIKit.framework */,
				AF634532185EC005008610E1 /* Foundation.framework */,
				AF634534185EC005008610E1 /* CoreGraphics.framework */,
			);
			name = Frameworks;
			sourceTree = "<group>";
		};
		AF634536185EC005008610E1 /* NBAnimation */ = {
			isa = PBXGroup;
			children = (
				AF63453F185EC005008610E1 /* AppDelegate.h */,
				AF634540185EC005008610E1 /* AppDelegate.m */,
				AF634548185EC005008610E1 /* ViewController.h */,
				AF634549185EC005008610E1 /* ViewController.m */,
				AF63454B185EC006008610E1 /* ViewController.xib */,
				AF634553185EC04F008610E1 /* animation_images */,
				AF634537185EC005008610E1 /* Supporting Files */,
			);
			path = NBAnimation;
			sourceTree = "<group>";
		};
		AF634537185EC005008610E1 /* Supporting Files */ = {
			isa = PBXGroup;
			children = (
				AF634538185EC005008610E1 /* NBAnimation-Info.plist */,
				AF634539185EC005008610E1 /* InfoPlist.strings */,
				AF63453C185EC005008610E1 /* main.m */,
				AF63453E185EC005008610E1 /* NBAnimation-Prefix.pch */,
				AF634542185EC005008610E1 /* Default.png */,
				AF634544185EC005008610E1 /* Default@2x.png */,
				AF634546185EC005008610E1 /* Default-568h@2x.png */,
			);
			name = "Supporting Files";
			sourceTree = "<group>";
		};
		AF634553185EC04F008610E1 /* animation_images */ = {
			isa = PBXGroup;
			children = (
				AF634578185EEF5B008610E1 /* sweet_angel.png */,
				AF634576185EEDCE008610E1 /* self_bordered.gif */,
				AF634554185EC04F008610E1 /* win_1.png */,
				AF634555185EC04F008610E1 /* win_10.png */,
				AF634556185EC04F008610E1 /* win_11.png */,
				AF634557185EC04F008610E1 /* win_12.png */,
				AF634558185EC04F008610E1 /* win_13.png */,
				AF634559185EC04F008610E1 /* win_14.png */,
				AF63455A185EC04F008610E1 /* win_15.png */,
				AF63455B185EC04F008610E1 /* win_16.png */,
				AF63455C185EC04F008610E1 /* win_2.png */,
				AF63455D185EC04F008610E1 /* win_3.png */,
				AF63455E185EC04F008610E1 /* win_4.png */,
				AF63455F185EC04F008610E1 /* win_5.png */,
				AF634560185EC04F008610E1 /* win_6.png */,
				AF634561185EC04F008610E1 /* win_7.png */,
				AF634562185EC04F008610E1 /* win_8.png */,
				AF634563185EC04F008610E1 /* win_9.png */,
			);
			path = animation_images;
			sourceTree = "<group>";
		};
/* End PBXGroup section */

/* Begin PBXNativeTarget section */
		AF63452C185EC005008610E1 /* NBAnimation */ = {
			isa = PBXNativeTarget;
			buildConfigurationList = AF634550185EC006008610E1 /* Build configuration list for PBXNativeTarget "NBAnimation" */;
			buildPhases = (
				AF634529185EC005008610E1 /* Sources */,
				AF63452A185EC005008610E1 /* Frameworks */,
				AF63452B185EC005008610E1 /* Resources */,
			);
			buildRules = (
			);
			dependencies = (
			);
			name = NBAnimation;
			productName = NBAnimation;
			productReference = AF63452D185EC005008610E1 /* NBAnimation.app */;
			productType = "com.apple.product-type.application";
		};
/* End PBXNativeTarget section */

/* Begin PBXProject section */
		AF634525185EC005008610E1 /* Project object */ = {
			isa = PBXProject;
			attributes = {
				LastUpgradeCheck = 0460;
				ORGANIZATIONNAME = "Kreeti Technologies";
			};
			buildConfigurationList = AF634528185EC005008610E1 /* Build configuration list for PBXProject "NBAnimation" */;
			compatibilityVersion = "Xcode 3.2";
			developmentRegion = English;
			hasScannedForEncodings = 0;
			knownRegions = (
				en,
			);
			mainGroup = AF634524185EC005008610E1;
			productRefGroup = AF63452E185EC005008610E1 /* Products */;
			projectDirPath = "";
			projectRoot = "";
			targets = (
				AF63452C185EC005008610E1 /* NBAnimation */,
			);
		};
/* End PBXProject section */

/* Begin PBXResourcesBuildPhase section */
		AF63452B185EC005008610E1 /* Resources */ = {
			isa = PBXResourcesBuildPhase;
			buildActionMask = 2147483647;
			files = (
				AF63453B185EC005008610E1 /* InfoPlist.strings in Resources */,
				AF634543185EC005008610E1 /* Default.png in Resources */,
				AF634545185EC005008610E1 /* Default@2x.png in Resources */,
				AF634547185EC005008610E1 /* Default-568h@2x.png in Resources */,
				AF63454D185EC006008610E1 /* ViewController.xib in Resources */,
				AF634564185EC04F008610E1 /* win_1.png in Resources */,
				AF634565185EC04F008610E1 /* win_10.png in Resources */,
				AF634566185EC04F008610E1 /* win_11.png in Resources */,
				AF634567185EC04F008610E1 /* win_12.png in Resources */,
				AF634568185EC04F008610E1 /* win_13.png in Resources */,
				AF634569185EC04F008610E1 /* win_14.png in Resources */,
				AF63456A185EC04F008610E1 /* win_15.png in Resources */,
				AF63456B185EC04F008610E1 /* win_16.png in Resources */,
				AF63456C185EC04F008610E1 /* win_2.png in Resources */,
				AF63456D185EC04F008610E1 /* win_3.png in Resources */,
				AF63456E185EC04F008610E1 /* win_4.png in Resources */,
				AF63456F185EC04F008610E1 /* win_5.png in Resources */,
				AF634570185EC04F008610E1 /* win_6.png in Resources */,
				AF634571185EC04F008610E1 /* win_7.png in Resources */,
				AF634572185EC04F008610E1 /* win_8.png in Resources */,
				AF634573185EC04F008610E1 /* win_9.png in Resources */,
				AF634577185EEDCE008610E1 /* self_bordered.gif in Resources */,
				AF634579185EEF5B008610E1 /* sweet_angel.png in Resources */,
			);
			runOnlyForDeploymentPostprocessing = 0;
		};
/* End PBXResourcesBuildPhase section */

/* Begin PBXSourcesBuildPhase section */
		AF634529185EC005008610E1 /* Sources */ = {
			isa = PBXSourcesBuildPhase;
			buildActionMask = 2147483647;
			files = (
				AF63453D185EC005008610E1 /* main.m in Sources */,
				AF634541185EC005008610E1 /* AppDelegate.m in Sources */,
				AF63454A185EC005008610E1 /* ViewController.m in Sources */,
			);
			runOnlyForDeploymentPostprocessing = 0;
		};
/* End PBXSourcesBuildPhase section */

/* Begin PBXVariantGroup section */
		AF634539185EC005008610E1 /* InfoPlist.strings */ = {
			isa = PBXVariantGroup;
			children = (
				AF63453A185EC005008610E1 /* en */,
			);
			name = InfoPlist.strings;
			sourceTree = "<group>";
		};
		AF63454B185EC006008610E1 /* ViewController.xib */ = {
			isa = PBXVariantGroup;
			children = (
				AF63454C185EC006008610E1 /* en */,
			);
			name = ViewController.xib;
			sourceTree = "<group>";
		};
/* End PBXVariantGroup section */

/* Begin XCBuildConfiguration section */
		AF63454E185EC006008610E1 /* Debug */ = {
			isa = XCBuildConfiguration;
			buildSettings = {
				ALWAYS_SEARCH_USER_PATHS = NO;
				CLANG_CXX_LANGUAGE_STANDARD = "gnu++0x";
				CLANG_CXX_LIBRARY = "libc++";
				CLANG_ENABLE_OBJC_ARC = YES;
				CLANG_WARN_CONSTANT_CONVERSION = YES;
				CLANG_WARN_EMPTY_BODY = YES;
				CLANG_WARN_ENUM_CONVERSION = YES;
				CLANG_WARN_INT_CONVERSION = YES;
				CLANG_WARN__DUPLICATE_METHOD_MATCH = YES;
				"CODE_SIGN_IDENTITY[sdk=iphoneos*]" = "iPhone Developer";
				COPY_PHASE_STRIP = NO;
				GCC_C_LANGUAGE_STANDARD = gnu99;
				GCC_DYNAMIC_NO_PIC = NO;
				GCC_OPTIMIZATION_LEVEL = 0;
				GCC_PREPROCESSOR_DEFINITIONS = (
					"DEBUG=1",
					"$(inherited)",
				);
				GCC_SYMBOLS_PRIVATE_EXTERN = NO;
				GCC_WARN_ABOUT_RETURN_TYPE = YES;
				GCC_WARN_UNINITIALIZED_AUTOS = YES;
				GCC_WARN_UNUSED_VARIABLE = YES;
				IPHONEOS_DEPLOYMENT_TARGET = 6.1;
				ONLY_ACTIVE_ARCH = YES;
				SDKROOT = iphoneos;
			};
			name = Debug;
		};
		AF63454F185EC006008610E1 /* Release */ = {
			isa = XCBuildConfiguration;
			buildSettings = {
				ALWAYS_SEARCH_USER_PATHS = NO;
				CLANG_CXX_LANGUAGE_STANDARD = "gnu++0x";
				CLANG_CXX_LIBRARY = "libc++";
				CLANG_ENABLE_OBJC_ARC = YES;
				CLANG_WARN_CONSTANT_CONVERSION = YES;
				CLANG_WARN_EMPTY_BODY = YES;
				CLANG_WARN_ENUM_CONVERSION = YES;
				CLANG_WARN_INT_CONVERSION = YES;
				CLANG_WARN__DUPLICATE_METHOD_MATCH = YES;
				"CODE_SIGN_IDENTITY[sdk=iphoneos*]" = "iPhone Developer";
				COPY_PHASE_STRIP = YES;
				GCC_C_LANGUAGE_STANDARD = gnu99;
				GCC_WARN_ABOUT_RETURN_TYPE = YES;
				GCC_WARN_UNINITIALIZED_AUTOS = YES;
				GCC_WARN_UNUSED_VARIABLE = YES;
				IPHONEOS_DEPLOYMENT_TARGET = 6.1;
				OTHER_CFLAGS = "-DNS_BLOCK_ASSERTIONS=1";
				SDKROOT = iphoneos;
				VALIDATE_PRODUCT = YES;
			};
			name = Release;
		};
		AF634551185EC006008610E1 /* Debug */ = {
			isa = XCBuildConfiguration;
			buildSettings = {
				GCC_PRECOMPILE_PREFIX_HEADER = YES;
				GCC_PREFIX_HEADER = "NBAnimation/NBAnimation-Prefix.pch";
				INFOPLIST_FILE = "NBAnimation/NBAnimation-Info.plist";
				PRODUCT_NAME = "$(TARGET_NAME)";
				WRAPPER_EXTENSION = app;
			};
			name = Debug;
		};
		AF634552185EC006008610E1 /* Release */ = {
			isa = XCBuildConfiguration;
			buildSettings = {
				GCC_PRECOMPILE_PREFIX_HEADER = YES;
				GCC_PREFIX_HEADER = "NBAnimation/NBAnimation-Prefix.pch";
				INFOPLIST_FILE = "NBAnimation/NBAnimation-Info.plist";
				PRODUCT_NAME = "$(TARGET_NAME)";
				WRAPPER_EXTENSION = app;
			};
			name = Release;
		};
/* End XCBuildConfiguration section */

/* Begin XCConfigurationList section */
		AF634528185EC005008610E1 /* Build configuration list for PBXProject "NBAnimation" */ = {
			isa = XCConfigurationList;
			buildConfigurations = (
				AF63454E185EC006008610E1 /* Debug */,
				AF63454F185EC006008610E1 /* Release */,
			);
			defaultConfigurationIsVisible = 0;
			defaultConfigurationName = Release;
		};
		AF634550185EC006008610E1 /* Build configuration list for PBXNativeTarget "NBAnimation" */ = {
			isa = XCConfigurationList;
			buildConfigurations = (
				AF634551185EC006008610E1 /* Debug */,
				AF634552185EC006008610E1 /* Release */,
			);
			defaultConfigurationIsVisible = 0;
		};
/* End XCConfigurationList section */
	};
	rootObject = AF634525185EC005008610E1 /* Project object */;
}
